
Microsoft Visual Studio Solution File, Format Version 12.00
# Visual Studio Version 16
VisualStudioVersion = 16.0.29613.14
MinimumVisualStudioVersion = 10.0.40219.1
Project("{FAE04EC0-301F-11D3-BF4B-00C04F79EFBC}") = "QLSV2", "QLSV2\QLSV2.csproj", "{F22F05F7-C081-4191-934C-A45F7537B587}"
EndProject
Global
	GlobalSection(SolutionConfigurationPlatforms) = preSolution
		Debug|Any CPU = Debug|Any CPU
		Release|Any CPU = Release|Any CPU
	EndGlobalSection
	GlobalSection(ProjectConfigurationPlatforms) = postSolution
		{F22F05F7-C081-4191-934C-A45F7537B587}.Debug|Any CPU.ActiveCfg = Debug|Any CPU
		{F22F05F7-C081-4191-934C-A45F7537B587}.Debug|Any CPU.Build.0 = Debug|Any CPU
		{F22F05F7-C081-4191-934C-A45F7537B587}.Release|Any CPU.ActiveCfg = Release|Any CPU
		{F22F05F7-C081-4191-934C-A45F7537B587}.Release|Any CPU.Build.0 = Release|Any CPU
	EndGlobalSection
	GlobalSection(SolutionProperties) = preSolution
		HideSolutionNode = FALSE
	EndGlobalSection
	GlobalSection(ExtensibilityGlobals) = postSolution
		SolutionGuid = {D7FCF85E-2A63-4317-B523-C30C63D7A5A7}
	EndGlobalSection
EndGlobal
